
Microsoft Visual Studio Solution File, Format Version 12.00
# Visual Studio Version 17
VisualStudioVersion = 17.0.31903.59
MinimumVisualStudioVersion = 10.0.40219.1
Project("{FAE04EC0-301F-11D3-BF4B-00C04F79EFBC}") = "SOFTEST_INTRO_Calculator", "SOFTEST_INTRO_Calculator\SOFTEST_INTRO_Calculator.csproj", "{A540A668-0CD8-4A5C-BF5F-F3778A6332B6}"
EndProject
Project("{FAE04EC0-301F-11D3-BF4B-00C04F79EFBC}") = "SOFTEST_INTRO_Calculator.UnitTests", "SOFTEST_INTRO_Calculator.UnitTests\SOFTEST_INTRO_Calculator.UnitTests.csproj", "{8F6289B3-535D-4862-B972-9BDA0F14D772}"
EndProject
Project("{FAE04EC0-301F-11D3-BF4B-00C04F79EFBC}") = "SOFTEST_INTRO_Calculator.AcceptanceTests", "SOFTEST_INTRO_Calculator.AcceptanceTests\SOFTEST_INTRO_Calculator.AcceptanceTests.csproj", "{D71E7CC0-C4A4-4EBB-AF65-88CB44D5F22A}"
EndProject
Project("{FAE04EC0-301F-11D3-BF4B-00C04F79EFBC}") = "SOFTEST_INTRO_Calculator.IntegrationTests", "SOFTEST_INTRO_Calculator.IntegrationTests\SOFTEST_INTRO_Calculator.IntegrationTests.csproj", "{43DFFABC-D05E-49D0-B5B8-BB5ED4CC3F4B}"
EndProject
Project("{FAE04EC0-301F-11D3-BF4B-00C04F79EFBC}") = "SOFTEST_INTRO_Calculator.Web", "SOFTEST_INTRO_Calculator.Web\SOFTEST_INTRO_Calculator.Web.csproj", "{A6C8502E-8400-4144-B581-364C6B18B85A}"
EndProject
Project("{FAE04EC0-301F-11D3-BF4B-00C04F79EFBC}") = "SOFTEST_INTRO_Calculator.WebUiTests", "SOFTEST_INTRO_Calculator.WebUiTests\SOFTEST_INTRO_Calculator.WebUiTests.csproj", "{AA6421D4-8C19-4775-B610-2174786490FC}"
EndProject
Global
	GlobalSection(SolutionConfigurationPlatforms) = preSolution
		Debug|Any CPU = Debug|Any CPU
		Debug|x64 = Debug|x64
		Debug|x86 = Debug|x86
		Release|Any CPU = Release|Any CPU
		Release|x64 = Release|x64
		Release|x86 = Release|x86
	EndGlobalSection
	GlobalSection(ProjectConfigurationPlatforms) = postSolution
		{A540A668-0CD8-4A5C-BF5F-F3778A6332B6}.Debug|Any CPU.ActiveCfg = Debug|Any CPU
		{A540A668-0CD8-4A5C-BF5F-F3778A6332B6}.Debug|Any CPU.Build.0 = Debug|Any CPU
		{A540A668-0CD8-4A5C-BF5F-F3778A6332B6}.Debug|x64.ActiveCfg = Debug|Any CPU
		{A540A668-0CD8-4A5C-BF5F-F3778A6332B6}.Debug|x64.Build.0 = Debug|Any CPU
		{A540A668-0CD8-4A5C-BF5F-F3778A6332B6}.Debug|x86.ActiveCfg = Debug|Any CPU
		{A540A668-0CD8-4A5C-BF5F-F3778A6332B6}.Debug|x86.Build.0 = Debug|Any CPU
		{A540A668-0CD8-4A5C-BF5F-F3778A6332B6}.Release|Any CPU.ActiveCfg = Release|Any CPU
		{A540A668-0CD8-4A5C-BF5F-F3778A6332B6}.Release|Any CPU.Build.0 = Release|Any CPU
		{A540A668-0CD8-4A5C-BF5F-F3778A6332B6}.Release|x64.ActiveCfg = Release|Any CPU
		{A540A668-0CD8-4A5C-BF5F-F3778A6332B6}.Release|x64.Build.0 = Release|Any CPU
		{A540A668-0CD8-4A5C-BF5F-F3778A6332B6}.Release|x86.ActiveCfg = Release|Any CPU
		{A540A668-0CD8-4A5C-BF5F-F3778A6332B6}.Release|x86.Build.0 = Release|Any CPU
		{8F6289B3-535D-4862-B972-9BDA0F14D772}.Debug|Any CPU.ActiveCfg = Debug|Any CPU
		{8F6289B3-535D-4862-B972-9BDA0F14D772}.Debug|Any CPU.Build.0 = Debug|Any CPU
		{8F6289B3-535D-4862-B972-9BDA0F14D772}.Debug|x64.ActiveCfg = Debug|Any CPU
		{8F6289B3-535D-4862-B972-9BDA0F14D772}.Debug|x64.Build.0 = Debug|Any CPU
		{8F6289B3-535D-4862-B972-9BDA0F14D772}.Debug|x86.ActiveCfg = Debug|Any CPU
		{8F6289B3-535D-4862-B972-9BDA0F14D772}.Debug|x86.Build.0 = Debug|Any CPU
		{8F6289B3-535D-4862-B972-9BDA0F14D772}.Release|Any CPU.ActiveCfg = Release|Any CPU
		{8F6289B3-535D-4862-B972-9BDA0F14D772}.Release|Any CPU.Build.0 = Release|Any CPU
		{8F6289B3-535D-4862-B972-9BDA0F14D772}.Release|x64.ActiveCfg = Release|Any CPU
		{8F6289B3-535D-4862-B972-9BDA0F14D772}.Release|x64.Build.0 = Release|Any CPU
		{8F6289B3-535D-4862-B972-9BDA0F14D772}.Release|x86.ActiveCfg = Release|Any CPU
		{8F6289B3-535D-4862-B972-9BDA0F14D772}.Release|x86.Build.0 = Release|Any CPU
		{D71E7CC0-C4A4-4EBB-AF65-88CB44D5F22A}.Debug|Any CPU.ActiveCfg = Debug|Any CPU
		{D71E7CC0-C4A4-4EBB-AF65-88CB44D5F22A}.Debug|Any CPU.Build.0 = Debug|Any CPU
		{D71E7CC0-C4A4-4EBB-AF65-88CB44D5F22A}.Debug|x64.ActiveCfg = Debug|Any CPU
		{D71E7CC0-C4A4-4EBB-AF65-88CB44D5F22A}.Debug|x64.Build.0 = Debug|Any CPU
		{D71E7CC0-C4A4-4EBB-AF65-88CB44D5F22A}.Debug|x86.ActiveCfg = Debug|Any CPU
		{D71E7CC0-C4A4-4EBB-AF65-88CB44D5F22A}.Debug|x86.Build.0 = Debug|Any CPU
		{D71E7CC0-C4A4-4EBB-AF65-88CB44D5F22A}.Release|Any CPU.ActiveCfg = Release|Any CPU
		{D71E7CC0-C4A4-4EBB-AF65-88CB44D5F22A}.Release|Any CPU.Build.0 = Release|Any CPU
		{D71E7CC0-C4A4-4EBB-AF65-88CB44D5F22A}.Release|x64.ActiveCfg = Release|Any CPU
		{D71E7CC0-C4A4-4EBB-AF65-88CB44D5F22A}.Release|x64.Build.0 = Release|Any CPU
		{D71E7CC0-C4A4-4EBB-AF65-88CB44D5F22A}.Release|x86.ActiveCfg = Release|Any CPU
		{D71E7CC0-C4A4-4EBB-AF65-88CB44D5F22A}.Release|x86.Build.0 = Release|Any CPU
		{43DFFABC-D05E-49D0-B5B8-BB5ED4CC3F4B}.Debug|Any CPU.ActiveCfg = Debug|Any CPU
		{43DFFABC-D05E-49D0-B5B8-BB5ED4CC3F4B}.Debug|Any CPU.Build.0 = Debug|Any CPU
		{43DFFABC-D05E-49D0-B5B8-BB5ED4CC3F4B}.Debug|x64.ActiveCfg = Debug|Any CPU
		{43DFFABC-D05E-49D0-B5B8-BB5ED4CC3F4B}.Debug|x64.Build.0 = Debug|Any CPU
		{43DFFABC-D05E-49D0-B5B8-BB5ED4CC3F4B}.Debug|x86.ActiveCfg = Debug|Any CPU
		{43DFFABC-D05E-49D0-B5B8-BB5ED4CC3F4B}.Debug|x86.Build.0 = Debug|Any CPU
		{43DFFABC-D05E-49D0-B5B8-BB5ED4CC3F4B}.Release|Any CPU.ActiveCfg = Release|Any CPU
		{43DFFABC-D05E-49D0-B5B8-BB5ED4CC3F4B}.Release|Any CPU.Build.0 = Release|Any CPU
		{43DFFABC-D05E-49D0-B5B8-BB5ED4CC3F4B}.Release|x64.ActiveCfg = Release|Any CPU
		{43DFFABC-D05E-49D0-B5B8-BB5ED4CC3F4B}.Release|x64.Build.0 = Release|Any CPU
		{43DFFABC-D05E-49D0-B5B8-BB5ED4CC3F4B}.Release|x86.ActiveCfg = Release|Any CPU
		{43DFFABC-D05E-49D0-B5B8-BB5ED4CC3F4B}.Release|x86.Build.0 = Release|Any CPU
		{A6C8502E-8400-4144-B581-364C6B18B85A}.Debug|Any CPU.ActiveCfg = Debug|Any CPU
		{A6C8502E-8400-4144-B581-364C6B18B85A}.Debug|Any CPU.Build.0 = Debug|Any CPU
		{A6C8502E-8400-4144-B581-364C6B18B85A}.Debug|x64.ActiveCfg = Debug|Any CPU
		{A6C8502E-8400-4144-B581-364C6B18B85A}.Debug|x64.Build.0 = Debug|Any CPU
		{A6C8502E-8400-4144-B581-364C6B18B85A}.Debug|x86.ActiveCfg = Debug|Any CPU
		{A6C8502E-8400-4144-B581-364C6B18B85A}.Debug|x86.Build.0 = Debug|Any CPU
		{A6C8502E-8400-4144-B581-364C6B18B85A}.Release|Any CPU.ActiveCfg = Release|Any CPU
		{A6C8502E-8400-4144-B581-364C6B18B85A}.Release|Any CPU.Build.0 = Release|Any CPU
		{A6C8502E-8400-4144-B581-364C6B18B85A}.Release|x64.ActiveCfg = Release|Any CPU
		{A6C8502E-8400-4144-B581-364C6B18B85A}.Release|x64.Build.0 = Release|Any CPU
		{A6C8502E-8400-4144-B581-364C6B18B85A}.Release|x86.ActiveCfg = Release|Any CPU
		{A6C8502E-8400-4144-B581-364C6B18B85A}.Release|x86.Build.0 = Release|Any CPU
		{AA6421D4-8C19-4775-B610-2174786490FC}.Debug|Any CPU.ActiveCfg = Debug|Any CPU
		{AA6421D4-8C19-4775-B610-2174786490FC}.Debug|Any CPU.Build.0 = Debug|Any CPU
		{AA6421D4-8C19-4775-B610-2174786490FC}.Debug|x64.ActiveCfg = Debug|Any CPU
		{AA6421D4-8C19-4775-B610-2174786490FC}.Debug|x64.Build.0 = Debug|Any CPU
		{AA6421D4-8C19-4775-B610-2174786490FC}.Debug|x86.ActiveCfg = Debug|Any CPU
		{AA6421D4-8C19-4775-B610-2174786490FC}.Debug|x86.Build.0 = Debug|Any CPU
		{AA6421D4-8C19-4775-B610-2174786490FC}.Release|Any CPU.ActiveCfg = Release|Any CPU
		{AA6421D4-8C19-4775-B610-2174786490FC}.Release|Any CPU.Build.0 = Release|Any CPU
		{AA6421D4-8C19-4775-B610-2174786490FC}.Release|x64.ActiveCfg = Release|Any CPU
		{AA6421D4-8C19-4775-B610-2174786490FC}.Release|x64.Build.0 = Release|Any CPU
		{AA6421D4-8C19-4775-B610-2174786490FC}.Release|x86.ActiveCfg = Release|Any CPU
		{AA6421D4-8C19-4775-B610-2174786490FC}.Release|x86.Build.0 = Release|Any CPU
	EndGlobalSection
	GlobalSection(SolutionProperties) = preSolution
		HideSolutionNode = FALSE
	EndGlobalSection
EndGlobal
